// !$*UTF8*$!
{
	archiveVersion = 1;
	classes = {
	};
	objectVersion = 46;
	objects = {

/* Begin PBXBuildFile section */
		2A9FB6A0E0FE1F3D0B104F28 /* libPods-railway.a in Frameworks */ = {isa = PBXBuildFile; fileRef = C46D8C7B593E1720FA27CBC3 /* libPods-railway.a */; };
		E50DC8BE1E520F7600920A89 /* KeychainWrapper.m in Sources */ = {isa = PBXBuildFile; fileRef = E50DC8BD1E520F7600920A89 /* KeychainWrapper.m */; };
		E52E6A851E3EA7B5000B485F /* InputLocationView.xib in Resources */ = {isa = PBXBuildFile; fileRef = E52E6A841E3EA7B5000B485F /* InputLocationView.xib */; };
		E54E479B1E58E3D100BCDC28 /* TrainAlertTableViewCell.swift in Sources */ = {isa = PBXBuildFile; fileRef = E54E479A1E58E3D100BCDC28 /* TrainAlertTableViewCell.swift */; };
		E54E479D1E59206400BCDC28 /* DeleteRequest.swift in Sources */ = {isa = PBXBuildFile; fileRef = E54E479C1E59206400BCDC28 /* DeleteRequest.swift */; };
		E54E47A11E592E6800BCDC28 /* RemoveButton.swift in Sources */ = {isa = PBXBuildFile; fileRef = E54E47A01E592E6800BCDC28 /* RemoveButton.swift */; };
		E578CD731E3E952A00915825 /* InputLocationView.swift in Sources */ = {isa = PBXBuildFile; fileRef = E578CD721E3E952A00915825 /* InputLocationView.swift */; };
		E57A0A9D1E628A32005D8A1F /* .gitignore in Resources */ = {isa = PBXBuildFile; fileRef = E57A0A9C1E628A32005D8A1F /* .gitignore */; };
		E590A58D1E61ED5F008BE58F /* PutRequest.swift in Sources */ = {isa = PBXBuildFile; fileRef = E590A58C1E61ED5F008BE58F /* PutRequest.swift */; };
		E590A58F1E624384008BE58F /* GoogleService-Info.plist in Resources */ = {isa = PBXBuildFile; fileRef = E590A58E1E624384008BE58F /* GoogleService-Info.plist */; };
		E590A5901E624384008BE58F /* GoogleService-Info.plist in Resources */ = {isa = PBXBuildFile; fileRef = E590A58E1E624384008BE58F /* GoogleService-Info.plist */; };
		E5B40ECA1E5546000030F8ED /* CrossingsViewController.swift in Sources */ = {isa = PBXBuildFile; fileRef = E5B40EC91E5546000030F8ED /* CrossingsViewController.swift */; };
		E5B40ECC1E5895C00030F8ED /* TabBarController.swift in Sources */ = {isa = PBXBuildFile; fileRef = E5B40ECB1E5895C00030F8ED /* TabBarController.swift */; };
		E5B418F11E64BBB300D9D46A /* RobotBlip.mp3 in Resources */ = {isa = PBXBuildFile; fileRef = E5B418F01E64BBB300D9D46A /* RobotBlip.mp3 */; };
		E5B418F41E662EA900D9D46A /* ViewControllerExtension.swift in Sources */ = {isa = PBXBuildFile; fileRef = E5B418F31E662EA900D9D46A /* ViewControllerExtension.swift */; };
		E5B418F61E66443D00D9D46A /* UIViewExtension.swift in Sources */ = {isa = PBXBuildFile; fileRef = E5B418F51E66443D00D9D46A /* UIViewExtension.swift */; };
		E5B418F81E665AED00D9D46A /* GradientView.swift in Sources */ = {isa = PBXBuildFile; fileRef = E5B418F71E665AED00D9D46A /* GradientView.swift */; };
		E5E3F7951E5A5E9D00CB7C5F /* CustomPointAnnotation.swift in Sources */ = {isa = PBXBuildFile; fileRef = E5E3F7941E5A5E9D00CB7C5F /* CustomPointAnnotation.swift */; };
		E5E3F7971E5D338100CB7C5F /* TrainAlertSettingsViewController.swift in Sources */ = {isa = PBXBuildFile; fileRef = E5E3F7961E5D338100CB7C5F /* TrainAlertSettingsViewController.swift */; };
		E5E3F7991E5E7E2000CB7C5F /* SignupViewController.swift in Sources */ = {isa = PBXBuildFile; fileRef = E5E3F7981E5E7E2000CB7C5F /* SignupViewController.swift */; };
		E5E546D21E61DCB80007C79A /* UserNotifications.framework in Frameworks */ = {isa = PBXBuildFile; fileRef = E5E546D11E61DCB80007C79A /* UserNotifications.framework */; };
		E5F218261E4FE97200BD6AB0 /* PostRequest.swift in Sources */ = {isa = PBXBuildFile; fileRef = E5F218251E4FE97200BD6AB0 /* PostRequest.swift */; };
		E5F2182B1E51413F00BD6AB0 /* GetRequest.swift in Sources */ = {isa = PBXBuildFile; fileRef = E5F2182A1E51413F00BD6AB0 /* GetRequest.swift */; };
		E5F2182D1E5141D400BD6AB0 /* Constants.swift in Sources */ = {isa = PBXBuildFile; fileRef = E5F2182C1E5141D400BD6AB0 /* Constants.swift */; };
		E5F5C3701E3CE33D005EAE21 /* AppDelegate.swift in Sources */ = {isa = PBXBuildFile; fileRef = E5F5C36F1E3CE33D005EAE21 /* AppDelegate.swift */; };
		E5F5C3721E3CE33D005EAE21 /* ViewController.swift in Sources */ = {isa = PBXBuildFile; fileRef = E5F5C3711E3CE33D005EAE21 /* ViewController.swift */; };
		E5F5C3751E3CE33D005EAE21 /* Main.storyboard in Resources */ = {isa = PBXBuildFile; fileRef = E5F5C3731E3CE33D005EAE21 /* Main.storyboard */; };
		E5F5C3771E3CE33D005EAE21 /* Assets.xcassets in Resources */ = {isa = PBXBuildFile; fileRef = E5F5C3761E3CE33D005EAE21 /* Assets.xcassets */; };
		E5F5C37A1E3CE33D005EAE21 /* LaunchScreen.storyboard in Resources */ = {isa = PBXBuildFile; fileRef = E5F5C3781E3CE33D005EAE21 /* LaunchScreen.storyboard */; };
		E5F5C3851E3CE33E005EAE21 /* railwayTests.swift in Sources */ = {isa = PBXBuildFile; fileRef = E5F5C3841E3CE33E005EAE21 /* railwayTests.swift */; };
		E5F5C3911E3CE35E005EAE21 /* CoreLocation.framework in Frameworks */ = {isa = PBXBuildFile; fileRef = E5F5C3901E3CE35E005EAE21 /* CoreLocation.framework */; };
		E5F5C3931E3D8562005EAE21 /* MapController.swift in Sources */ = {isa = PBXBuildFile; fileRef = E5F5C3921E3D8562005EAE21 /* MapController.swift */; };
		E5F5C3961E3D8924005EAE21 /* SettingsController.swift in Sources */ = {isa = PBXBuildFile; fileRef = E5F5C3951E3D8924005EAE21 /* SettingsController.swift */; };
/* End PBXBuildFile section */

/* Begin PBXContainerItemProxy section */
		E5F5C3811E3CE33E005EAE21 /* PBXContainerItemProxy */ = {
			isa = PBXContainerItemProxy;
			containerPortal = E5F5C3641E3CE33D005EAE21 /* Project object */;
			proxyType = 1;
			remoteGlobalIDString = E5F5C36B1E3CE33D005EAE21;
			remoteInfo = railway;
		};
/* End PBXContainerItemProxy section */

/* Begin PBXFileReference section */
		8CEE7DA8C5D0C43606B72B1A /* Pods-railway.release.xcconfig */ = {isa = PBXFileReference; includeInIndex = 1; lastKnownFileType = text.xcconfig; name = "Pods-railway.release.xcconfig"; path = "Pods/Target Support Files/Pods-railway/Pods-railway.release.xcconfig"; sourceTree = "<group>"; };
		97F1CB4644F485ED9A18DF52 /* Pods-railway.debug.xcconfig */ = {isa = PBXFileReference; includeInIndex = 1; lastKnownFileType = text.xcconfig; name = "Pods-railway.debug.xcconfig"; path = "Pods/Target Support Files/Pods-railway/Pods-railway.debug.xcconfig"; sourceTree = "<group>"; };
		C46D8C7B593E1720FA27CBC3 /* libPods-railway.a */ = {isa = PBXFileReference; explicitFileType = archive.ar; includeInIndex = 0; path = "libPods-railway.a"; sourceTree = BUILT_PRODUCTS_DIR; };
		E50DC8BB1E520F7500920A89 /* railway-Bridging-Header.h */ = {isa = PBXFileReference; lastKnownFileType = sourcecode.c.h; path = "railway-Bridging-Header.h"; sourceTree = "<group>"; };
		E50DC8BC1E520F7600920A89 /* KeychainWrapper.h */ = {isa = PBXFileReference; fileEncoding = 4; lastKnownFileType = sourcecode.c.h; name = KeychainWrapper.h; path = ../../../Downloads/KeychainWrapper/KeychainWrapper.h; sourceTree = "<group>"; };
		E50DC8BD1E520F7600920A89 /* KeychainWrapper.m */ = {isa = PBXFileReference; fileEncoding = 4; lastKnownFileType = sourcecode.c.objc; name = KeychainWrapper.m; path = ../../../Downloads/KeychainWrapper/KeychainWrapper.m; sourceTree = "<group>"; };
		E50DC8BF1E52A74000920A89 /* railway.entitlements */ = {isa = PBXFileReference; lastKnownFileType = text.plist.entitlements; path = railway.entitlements; sourceTree = "<group>"; };
		E52E6A841E3EA7B5000B485F /* InputLocationView.xib */ = {isa = PBXFileReference; fileEncoding = 4; lastKnownFileType = file.xib; name = InputLocationView.xib; path = ../InputLocationView.xib; sourceTree = "<group>"; };
		E54E479A1E58E3D100BCDC28 /* TrainAlertTableViewCell.swift */ = {isa = PBXFileReference; fileEncoding = 4; lastKnownFileType = sourcecode.swift; path = TrainAlertTableViewCell.swift; sourceTree = "<group>"; };
		E54E479C1E59206400BCDC28 /* DeleteRequest.swift */ = {isa = PBXFileReference; fileEncoding = 4; lastKnownFileType = sourcecode.swift; path = DeleteRequest.swift; sourceTree = "<group>"; };
		E54E47A01E592E6800BCDC28 /* RemoveButton.swift */ = {isa = PBXFileReference; fileEncoding = 4; lastKnownFileType = sourcecode.swift; path = RemoveButton.swift; sourceTree = "<group>"; };
		E578CD721E3E952A00915825 /* InputLocationView.swift */ = {isa = PBXFileReference; fileEncoding = 4; lastKnownFileType = sourcecode.swift; path = InputLocationView.swift; sourceTree = "<group>"; };
		E57A0A9C1E628A32005D8A1F /* .gitignore */ = {isa = PBXFileReference; fileEncoding = 4; lastKnownFileType = text; path = .gitignore; sourceTree = "<group>"; };
		E590A58C1E61ED5F008BE58F /* PutRequest.swift */ = {isa = PBXFileReference; fileEncoding = 4; lastKnownFileType = sourcecode.swift; path = PutRequest.swift; sourceTree = "<group>"; };
		E590A58E1E624384008BE58F /* GoogleService-Info.plist */ = {isa = PBXFileReference; fileEncoding = 4; lastKnownFileType = text.plist.xml; name = "GoogleService-Info.plist"; path = "../../../Downloads/GoogleService-Info.plist"; sourceTree = "<group>"; };
		E5B40EC91E5546000030F8ED /* CrossingsViewController.swift */ = {isa = PBXFileReference; fileEncoding = 4; lastKnownFileType = sourcecode.swift; path = CrossingsViewController.swift; sourceTree = "<group>"; };
		E5B40ECB1E5895C00030F8ED /* TabBarController.swift */ = {isa = PBXFileReference; fileEncoding = 4; lastKnownFileType = sourcecode.swift; path = TabBarController.swift; sourceTree = "<group>"; };
		E5B418F01E64BBB300D9D46A /* RobotBlip.mp3 */ = {isa = PBXFileReference; lastKnownFileType = audio.mp3; name = RobotBlip.mp3; path = ../../Downloads/RobotBlip.mp3; sourceTree = "<group>"; };
		E5B418F31E662EA900D9D46A /* ViewControllerExtension.swift */ = {isa = PBXFileReference; fileEncoding = 4; lastKnownFileType = sourcecode.swift; path = ViewControllerExtension.swift; sourceTree = "<group>"; };
		E5B418F51E66443D00D9D46A /* UIViewExtension.swift */ = {isa = PBXFileReference; fileEncoding = 4; lastKnownFileType = sourcecode.swift; path = UIViewExtension.swift; sourceTree = "<group>"; };
		E5B418F71E665AED00D9D46A /* GradientView.swift */ = {isa = PBXFileReference; fileEncoding = 4; lastKnownFileType = sourcecode.swift; path = GradientView.swift; sourceTree = "<group>"; };
		E5E3F7941E5A5E9D00CB7C5F /* CustomPointAnnotation.swift */ = {isa = PBXFileReference; fileEncoding = 4; lastKnownFileType = sourcecode.swift; path = CustomPointAnnotation.swift; sourceTree = "<group>"; };
		E5E3F7961E5D338100CB7C5F /* TrainAlertSettingsViewController.swift */ = {isa = PBXFileReference; fileEncoding = 4; lastKnownFileType = sourcecode.swift; path = TrainAlertSettingsViewController.swift; sourceTree = "<group>"; };
		E5E3F7981E5E7E2000CB7C5F /* SignupViewController.swift */ = {isa = PBXFileReference; fileEncoding = 4; lastKnownFileType = sourcecode.swift; path = SignupViewController.swift; sourceTree = "<group>"; };
		E5E546D11E61DCB80007C79A /* UserNotifications.framework */ = {isa = PBXFileReference; lastKnownFileType = wrapper.framework; name = UserNotifications.framework; path = System/Library/Frameworks/UserNotifications.framework; sourceTree = SDKROOT; };
		E5F218251E4FE97200BD6AB0 /* PostRequest.swift */ = {isa = PBXFileReference; fileEncoding = 4; lastKnownFileType = sourcecode.swift; path = PostRequest.swift; sourceTree = "<group>"; };
		E5F2182A1E51413F00BD6AB0 /* GetRequest.swift */ = {isa = PBXFileReference; fileEncoding = 4; lastKnownFileType = sourcecode.swift; path = GetRequest.swift; sourceTree = "<group>"; };
		E5F2182C1E5141D400BD6AB0 /* Constants.swift */ = {isa = PBXFileReference; fileEncoding = 4; lastKnownFileType = sourcecode.swift; path = Constants.swift; sourceTree = "<group>"; };
		E5F5C36C1E3CE33D005EAE21 /* railway.app */ = {isa = PBXFileReference; explicitFileType = wrapper.application; includeInIndex = 0; path = railway.app; sourceTree = BUILT_PRODUCTS_DIR; };
		E5F5C36F1E3CE33D005EAE21 /* AppDelegate.swift */ = {isa = PBXFileReference; lastKnownFileType = sourcecode.swift; path = AppDelegate.swift; sourceTree = "<group>"; };
		E5F5C3711E3CE33D005EAE21 /* ViewController.swift */ = {isa = PBXFileReference; lastKnownFileType = sourcecode.swift; path = ViewController.swift; sourceTree = "<group>"; };
		E5F5C3741E3CE33D005EAE21 /* Base */ = {isa = PBXFileReference; lastKnownFileType = file.storyboard; name = Base; path = Base.lproj/Main.storyboard; sourceTree = "<group>"; };
		E5F5C3761E3CE33D005EAE21 /* Assets.xcassets */ = {isa = PBXFileReference; lastKnownFileType = folder.assetcatalog; path = Assets.xcassets; sourceTree = "<group>"; };
		E5F5C3791E3CE33D005EAE21 /* Base */ = {isa = PBXFileReference; lastKnownFileType = file.storyboard; name = Base; path = Base.lproj/LaunchScreen.storyboard; sourceTree = "<group>"; };
		E5F5C37B1E3CE33D005EAE21 /* Info.plist */ = {isa = PBXFileReference; lastKnownFileType = text.plist.xml; path = Info.plist; sourceTree = "<group>"; };
		E5F5C3801E3CE33E005EAE21 /* railwayTests.xctest */ = {isa = PBXFileReference; explicitFileType = wrapper.cfbundle; includeInIndex = 0; path = railwayTests.xctest; sourceTree = BUILT_PRODUCTS_DIR; };
		E5F5C3841E3CE33E005EAE21 /* railwayTests.swift */ = {isa = PBXFileReference; lastKnownFileType = sourcecode.swift; path = railwayTests.swift; sourceTree = "<group>"; };
		E5F5C3861E3CE33E005EAE21 /* Info.plist */ = {isa = PBXFileReference; lastKnownFileType = text.plist.xml; path = Info.plist; sourceTree = "<group>"; };
		E5F5C3901E3CE35E005EAE21 /* CoreLocation.framework */ = {isa = PBXFileReference; lastKnownFileType = wrapper.framework; name = CoreLocation.framework; path = System/Library/Frameworks/CoreLocation.framework; sourceTree = SDKROOT; };
		E5F5C3921E3D8562005EAE21 /* MapController.swift */ = {isa = PBXFileReference; fileEncoding = 4; lastKnownFileType = sourcecode.swift; path = MapController.swift; sourceTree = "<group>"; };
		E5F5C3951E3D8924005EAE21 /* SettingsController.swift */ = {isa = PBXFileReference; fileEncoding = 4; lastKnownFileType = sourcecode.swift; path = SettingsController.swift; sourceTree = "<group>"; };
/* End PBXFileReference section */

/* Begin PBXFrameworksBuildPhase section */
		E5F5C3691E3CE33D005EAE21 /* Frameworks */ = {
			isa = PBXFrameworksBuildPhase;
			buildActionMask = 2147483647;
			files = (
				E5E546D21E61DCB80007C79A /* UserNotifications.framework in Frameworks */,
				E5F5C3911E3CE35E005EAE21 /* CoreLocation.framework in Frameworks */,
				2A9FB6A0E0FE1F3D0B104F28 /* libPods-railway.a in Frameworks */,
			);
			runOnlyForDeploymentPostprocessing = 0;
		};
		E5F5C37D1E3CE33E005EAE21 /* Frameworks */ = {
			isa = PBXFrameworksBuildPhase;
			buildActionMask = 2147483647;
			files = (
			);
			runOnlyForDeploymentPostprocessing = 0;
		};
/* End PBXFrameworksBuildPhase section */

/* Begin PBXGroup section */
		E54E47991E58E36500BCDC28 /* Custom */ = {
			isa = PBXGroup;
			children = (
				E54E479A1E58E3D100BCDC28 /* TrainAlertTableViewCell.swift */,
				E54E47A01E592E6800BCDC28 /* RemoveButton.swift */,
				E5E3F7941E5A5E9D00CB7C5F /* CustomPointAnnotation.swift */,
				E5B418F71E665AED00D9D46A /* GradientView.swift */,
			);
			name = Custom;
			sourceTree = "<group>";
		};
		E57A0A9B1E628A0E005D8A1F /* Git */ = {
			isa = PBXGroup;
			children = (
				E57A0A9C1E628A32005D8A1F /* .gitignore */,
			);
			name = Git;
			sourceTree = "<group>";
		};
		E5B418EF1E64BBA900D9D46A /* Sounds */ = {
			isa = PBXGroup;
			children = (
				E5B418F01E64BBB300D9D46A /* RobotBlip.mp3 */,
			);
			name = Sounds;
			sourceTree = "<group>";
		};
		E5B418F21E662E8F00D9D46A /* Extension */ = {
			isa = PBXGroup;
			children = (
				E5B418F31E662EA900D9D46A /* ViewControllerExtension.swift */,
				E5B418F51E66443D00D9D46A /* UIViewExtension.swift */,
			);
			name = Extension;
			sourceTree = "<group>";
		};
		E5F218241E4FE95B00BD6AB0 /* Requests */ = {
			isa = PBXGroup;
			children = (
				E5F218251E4FE97200BD6AB0 /* PostRequest.swift */,
				E5F2182A1E51413F00BD6AB0 /* GetRequest.swift */,
				E54E479C1E59206400BCDC28 /* DeleteRequest.swift */,
				E590A58C1E61ED5F008BE58F /* PutRequest.swift */,
			);
			name = Requests;
			sourceTree = "<group>";
		};
		E5F5C3631E3CE33D005EAE21 = {
			isa = PBXGroup;
			children = (
				E5B418EF1E64BBA900D9D46A /* Sounds */,
				E57A0A9B1E628A0E005D8A1F /* Git */,
				E5F5C36E1E3CE33D005EAE21 /* railway */,
				E5F5C3831E3CE33E005EAE21 /* railwayTests */,
				E5F5C36D1E3CE33D005EAE21 /* Products */,
				E5F5C38F1E3CE35E005EAE21 /* Frameworks */,
				F885EF090C67BC0FF129D480 /* Pods */,
			);
			sourceTree = "<group>";
		};
		E5F5C36D1E3CE33D005EAE21 /* Products */ = {
			isa = PBXGroup;
			children = (
				E5F5C36C1E3CE33D005EAE21 /* railway.app */,
				E5F5C3801E3CE33E005EAE21 /* railwayTests.xctest */,
			);
			name = Products;
			sourceTree = "<group>";
		};
		E5F5C36E1E3CE33D005EAE21 /* railway */ = {
			isa = PBXGroup;
			children = (
				E50DC8BF1E52A74000920A89 /* railway.entitlements */,
				E54E47991E58E36500BCDC28 /* Custom */,
				E5F218241E4FE95B00BD6AB0 /* Requests */,
				E5F5C3941E3D8910005EAE21 /* Controllers */,
				E5F5C36F1E3CE33D005EAE21 /* AppDelegate.swift */,
				E50DC8BC1E520F7600920A89 /* KeychainWrapper.h */,
				E50DC8BD1E520F7600920A89 /* KeychainWrapper.m */,
				E5F2182C1E5141D400BD6AB0 /* Constants.swift */,
				E5F5C3731E3CE33D005EAE21 /* Main.storyboard */,
				E578CD721E3E952A00915825 /* InputLocationView.swift */,
				E52E6A841E3EA7B5000B485F /* InputLocationView.xib */,
				E5F5C3761E3CE33D005EAE21 /* Assets.xcassets */,
				E5F5C3781E3CE33D005EAE21 /* LaunchScreen.storyboard */,
				E590A58E1E624384008BE58F /* GoogleService-Info.plist */,
				E5F5C37B1E3CE33D005EAE21 /* Info.plist */,
				E50DC8BB1E520F7500920A89 /* railway-Bridging-Header.h */,
			);
			path = railway;
			sourceTree = "<group>";
		};
		E5F5C3831E3CE33E005EAE21 /* railwayTests */ = {
			isa = PBXGroup;
			children = (
				E5F5C3841E3CE33E005EAE21 /* railwayTests.swift */,
				E5F5C3861E3CE33E005EAE21 /* Info.plist */,
			);
			path = railwayTests;
			sourceTree = "<group>";
		};
		E5F5C38F1E3CE35E005EAE21 /* Frameworks */ = {
			isa = PBXGroup;
			children = (
				E5E546D11E61DCB80007C79A /* UserNotifications.framework */,
				E5F5C3901E3CE35E005EAE21 /* CoreLocation.framework */,
				C46D8C7B593E1720FA27CBC3 /* libPods-railway.a */,
			);
			name = Frameworks;
			sourceTree = "<group>";
		};
		E5F5C3941E3D8910005EAE21 /* Controllers */ = {
			isa = PBXGroup;
			children = (
				E5B418F21E662E8F00D9D46A /* Extension */,
				E5F5C3711E3CE33D005EAE21 /* ViewController.swift */,
				E5F5C3921E3D8562005EAE21 /* MapController.swift */,
				E5F5C3951E3D8924005EAE21 /* SettingsController.swift */,
				E5B40EC91E5546000030F8ED /* CrossingsViewController.swift */,
				E5B40ECB1E5895C00030F8ED /* TabBarController.swift */,
				E5E3F7961E5D338100CB7C5F /* TrainAlertSettingsViewController.swift */,
				E5E3F7981E5E7E2000CB7C5F /* SignupViewController.swift */,
			);
			name = Controllers;
			sourceTree = "<group>";
		};
		F885EF090C67BC0FF129D480 /* Pods */ = {
			isa = PBXGroup;
			children = (
				97F1CB4644F485ED9A18DF52 /* Pods-railway.debug.xcconfig */,
				8CEE7DA8C5D0C43606B72B1A /* Pods-railway.release.xcconfig */,
			);
			name = Pods;
			sourceTree = "<group>";
		};
/* End PBXGroup section */

/* Begin PBXNativeTarget section */
		E5F5C36B1E3CE33D005EAE21 /* railway */ = {
			isa = PBXNativeTarget;
			buildConfigurationList = E5F5C3891E3CE33E005EAE21 /* Build configuration list for PBXNativeTarget "railway" */;
			buildPhases = (
				269EAA483950E85D57FC7754 /* [CP] Check Pods Manifest.lock */,
				E5F5C3681E3CE33D005EAE21 /* Sources */,
				E5F5C3691E3CE33D005EAE21 /* Frameworks */,
				E5F5C36A1E3CE33D005EAE21 /* Resources */,
				FD9C447D43CE8DB38DB02E63 /* [CP] Embed Pods Frameworks */,
				12DDF750694F9B13C164EA37 /* [CP] Copy Pods Resources */,
			);
			buildRules = (
			);
			dependencies = (
			);
			name = railway;
			productName = railway;
			productReference = E5F5C36C1E3CE33D005EAE21 /* railway.app */;
			productType = "com.apple.product-type.application";
		};
		E5F5C37F1E3CE33E005EAE21 /* railwayTests */ = {
			isa = PBXNativeTarget;
			buildConfigurationList = E5F5C38C1E3CE33E005EAE21 /* Build configuration list for PBXNativeTarget "railwayTests" */;
			buildPhases = (
				E5F5C37C1E3CE33E005EAE21 /* Sources */,
				E5F5C37D1E3CE33E005EAE21 /* Frameworks */,
				E5F5C37E1E3CE33E005EAE21 /* Resources */,
			);
			buildRules = (
			);
			dependencies = (
				E5F5C3821E3CE33E005EAE21 /* PBXTargetDependency */,
			);
			name = railwayTests;
			productName = railwayTests;
			productReference = E5F5C3801E3CE33E005EAE21 /* railwayTests.xctest */;
			productType = "com.apple.product-type.bundle.unit-test";
		};
/* End PBXNativeTarget section */

/* Begin PBXProject section */
		E5F5C3641E3CE33D005EAE21 /* Project object */ = {
			isa = PBXProject;
			attributes = {
				LastSwiftUpdateCheck = 0820;
				LastUpgradeCheck = 0820;
				ORGANIZATIONNAME = "Dayna Naismyth";
				TargetAttributes = {
					E5F5C36B1E3CE33D005EAE21 = {
						CreatedOnToolsVersion = 8.2.1;
						DevelopmentTeam = L7J3P5UEVQ;
						LastSwiftMigration = 0820;
						ProvisioningStyle = Automatic;
						SystemCapabilities = {
							com.apple.BackgroundModes = {
								enabled = 1;
							};
							com.apple.Keychain = {
								enabled = 1;
							};
							com.apple.Push = {
								enabled = 1;
							};
						};
					};
					E5F5C37F1E3CE33E005EAE21 = {
						CreatedOnToolsVersion = 8.2.1;
						DevelopmentTeam = P9758Y5MP9;
						ProvisioningStyle = Automatic;
						TestTargetID = E5F5C36B1E3CE33D005EAE21;
					};
				};
			};
			buildConfigurationList = E5F5C3671E3CE33D005EAE21 /* Build configuration list for PBXProject "railway" */;
			compatibilityVersion = "Xcode 3.2";
			developmentRegion = English;
			hasScannedForEncodings = 0;
			knownRegions = (
				en,
				Base,
			);
			mainGroup = E5F5C3631E3CE33D005EAE21;
			productRefGroup = E5F5C36D1E3CE33D005EAE21 /* Products */;
			projectDirPath = "";
			projectRoot = "";
			targets = (
				E5F5C36B1E3CE33D005EAE21 /* railway */,
				E5F5C37F1E3CE33E005EAE21 /* railwayTests */,
			);
		};
/* End PBXProject section */

/* Begin PBXResourcesBuildPhase section */
		E5F5C36A1E3CE33D005EAE21 /* Resources */ = {
			isa = PBXResourcesBuildPhase;
			buildActionMask = 2147483647;
			files = (
				E5F5C37A1E3CE33D005EAE21 /* LaunchScreen.storyboard in Resources */,
				E5F5C3771E3CE33D005EAE21 /* Assets.xcassets in Resources */,
				E5B418F11E64BBB300D9D46A /* RobotBlip.mp3 in Resources */,
				E590A58F1E624384008BE58F /* GoogleService-Info.plist in Resources */,
				E52E6A851E3EA7B5000B485F /* InputLocationView.xib in Resources */,
				E57A0A9D1E628A32005D8A1F /* .gitignore in Resources */,
				E5F5C3751E3CE33D005EAE21 /* Main.storyboard in Resources */,
			);
			runOnlyForDeploymentPostprocessing = 0;
		};
		E5F5C37E1E3CE33E005EAE21 /* Resources */ = {
			isa = PBXResourcesBuildPhase;
			buildActionMask = 2147483647;
			files = (
				E590A5901E624384008BE58F /* GoogleService-Info.plist in Resources */,
			);
			runOnlyForDeploymentPostprocessing = 0;
		};
/* End PBXResourcesBuildPhase section */

/* Begin PBXShellScriptBuildPhase section */
		12DDF750694F9B13C164EA37 /* [CP] Copy Pods Resources */ = {
			isa = PBXShellScriptBuildPhase;
			buildActionMask = 2147483647;
			files = (
			);
			inputPaths = (
			);
			name = "[CP] Copy Pods Resources";
			outputPaths = (
			);
			runOnlyForDeploymentPostprocessing = 0;
			shellPath = /bin/sh;
			shellScript = "\"${SRCROOT}/Pods/Target Support Files/Pods-railway/Pods-railway-resources.sh\"\n";
			showEnvVarsInLog = 0;
		};
		269EAA483950E85D57FC7754 /* [CP] Check Pods Manifest.lock */ = {
			isa = PBXShellScriptBuildPhase;
			buildActionMask = 2147483647;
			files = (
			);
			inputPaths = (
			);
			name = "[CP] Check Pods Manifest.lock";
			outputPaths = (
			);
			runOnlyForDeploymentPostprocessing = 0;
			shellPath = /bin/sh;
			shellScript = "diff \"${PODS_ROOT}/../Podfile.lock\" \"${PODS_ROOT}/Manifest.lock\" > /dev/null\nif [ $? != 0 ] ; then\n    # print error to STDERR\n    echo \"error: The sandbox is not in sync with the Podfile.lock. Run 'pod install' or update your CocoaPods installation.\" >&2\n    exit 1\nfi\n";
			showEnvVarsInLog = 0;
		};
		FD9C447D43CE8DB38DB02E63 /* [CP] Embed Pods Frameworks */ = {
			isa = PBXShellScriptBuildPhase;
			buildActionMask = 2147483647;
			files = (
			);
			inputPaths = (
			);
			name = "[CP] Embed Pods Frameworks";
			outputPaths = (
			);
			runOnlyForDeploymentPostprocessing = 0;
			shellPath = /bin/sh;
			shellScript = "\"${SRCROOT}/Pods/Target Support Files/Pods-railway/Pods-railway-frameworks.sh\"\n";
			showEnvVarsInLog = 0;
		};
/* End PBXShellScriptBuildPhase section */

/* Begin PBXSourcesBuildPhase section */
		E5F5C3681E3CE33D005EAE21 /* Sources */ = {
			isa = PBXSourcesBuildPhase;
			buildActionMask = 2147483647;
			files = (
				E50DC8BE1E520F7600920A89 /* KeychainWrapper.m in Sources */,
				E5E3F7951E5A5E9D00CB7C5F /* CustomPointAnnotation.swift in Sources */,
				E5F2182B1E51413F00BD6AB0 /* GetRequest.swift in Sources */,
				E590A58D1E61ED5F008BE58F /* PutRequest.swift in Sources */,
				E54E479D1E59206400BCDC28 /* DeleteRequest.swift in Sources */,
				E5B40ECC1E5895C00030F8ED /* TabBarController.swift in Sources */,
				E5F5C3961E3D8924005EAE21 /* SettingsController.swift in Sources */,
				E5F218261E4FE97200BD6AB0 /* PostRequest.swift in Sources */,
				E5E3F7971E5D338100CB7C5F /* TrainAlertSettingsViewController.swift in Sources */,
				E54E479B1E58E3D100BCDC28 /* TrainAlertTableViewCell.swift in Sources */,
				E5B418F61E66443D00D9D46A /* UIViewExtension.swift in Sources */,
				E5B418F81E665AED00D9D46A /* GradientView.swift in Sources */,
				E5F5C3721E3CE33D005EAE21 /* ViewController.swift in Sources */,
				E5F5C3931E3D8562005EAE21 /* MapController.swift in Sources */,
				E5E3F7991E5E7E2000CB7C5F /* SignupViewController.swift in Sources */,
				E5B418F41E662EA900D9D46A /* ViewControllerExtension.swift in Sources */,
				E54E47A11E592E6800BCDC28 /* RemoveButton.swift in Sources */,
				E578CD731E3E952A00915825 /* InputLocationView.swift in Sources */,
				E5F5C3701E3CE33D005EAE21 /* AppDelegate.swift in Sources */,
				E5B40ECA1E5546000030F8ED /* CrossingsViewController.swift in Sources */,
				E5F2182D1E5141D400BD6AB0 /* Constants.swift in Sources */,
			);
			runOnlyForDeploymentPostprocessing = 0;
		};
		E5F5C37C1E3CE33E005EAE21 /* Sources */ = {
			isa = PBXSourcesBuildPhase;
			buildActionMask = 2147483647;
			files = (
				E5F5C3851E3CE33E005EAE21 /* railwayTests.swift in Sources */,
			);
			runOnlyForDeploymentPostprocessing = 0;
		};
/* End PBXSourcesBuildPhase section */

/* Begin PBXTargetDependency section */
		E5F5C3821E3CE33E005EAE21 /* PBXTargetDependency */ = {
			isa = PBXTargetDependency;
			target = E5F5C36B1E3CE33D005EAE21 /* railway */;
			targetProxy = E5F5C3811E3CE33E005EAE21 /* PBXContainerItemProxy */;
		};
/* End PBXTargetDependency section */

/* Begin PBXVariantGroup section */
		E5F5C3731E3CE33D005EAE21 /* Main.storyboard */ = {
			isa = PBXVariantGroup;
			children = (
				E5F5C3741E3CE33D005EAE21 /* Base */,
			);
			name = Main.storyboard;
			sourceTree = "<group>";
		};
		E5F5C3781E3CE33D005EAE21 /* LaunchScreen.storyboard */ = {
			isa = PBXVariantGroup;
			children = (
				E5F5C3791E3CE33D005EAE21 /* Base */,
			);
			name = LaunchScreen.storyboard;
			sourceTree = "<group>";
		};
/* End PBXVariantGroup section */

/* Begin XCBuildConfiguration section */
		E5F5C3871E3CE33E005EAE21 /* Debug */ = {
			isa = XCBuildConfiguration;
			buildSettings = {
				ALWAYS_SEARCH_USER_PATHS = NO;
				CLANG_ANALYZER_NONNULL = YES;
				CLANG_CXX_LANGUAGE_STANDARD = "gnu++0x";
				CLANG_CXX_LIBRARY = "libc++";
				CLANG_ENABLE_MODULES = YES;
				CLANG_ENABLE_OBJC_ARC = YES;
				CLANG_WARN_BOOL_CONVERSION = YES;
				CLANG_WARN_CONSTANT_CONVERSION = YES;
				CLANG_WARN_DIRECT_OBJC_ISA_USAGE = YES_ERROR;
				CLANG_WARN_DOCUMENTATION_COMMENTS = YES;
				CLANG_WARN_EMPTY_BODY = YES;
				CLANG_WARN_ENUM_CONVERSION = YES;
				CLANG_WARN_INFINITE_RECURSION = YES;
				CLANG_WARN_INT_CONVERSION = YES;
				CLANG_WARN_OBJC_ROOT_CLASS = YES_ERROR;
				CLANG_WARN_SUSPICIOUS_MOVE = YES;
				CLANG_WARN_UNREACHABLE_CODE = YES;
				CLANG_WARN__DUPLICATE_METHOD_MATCH = YES;
				CODE_SIGN_IDENTITY = "iPhone Developer";
				"CODE_SIGN_IDENTITY[sdk=iphoneos*]" = "iPhone Developer";
				COPY_PHASE_STRIP = NO;
				DEBUG_INFORMATION_FORMAT = dwarf;
				ENABLE_STRICT_OBJC_MSGSEND = YES;
				ENABLE_TESTABILITY = YES;
				GCC_C_LANGUAGE_STANDARD = gnu99;
				GCC_DYNAMIC_NO_PIC = NO;
				GCC_NO_COMMON_BLOCKS = YES;
				GCC_OPTIMIZATION_LEVEL = 0;
				GCC_PREPROCESSOR_DEFINITIONS = (
					"DEBUG=1",
					"$(inherited)",
				);
				GCC_WARN_64_TO_32_BIT_CONVERSION = YES;
				GCC_WARN_ABOUT_RETURN_TYPE = YES_ERROR;
				GCC_WARN_UNDECLARED_SELECTOR = YES;
				GCC_WARN_UNINITIALIZED_AUTOS = YES_AGGRESSIVE;
				GCC_WARN_UNUSED_FUNCTION = YES;
				GCC_WARN_UNUSED_VARIABLE = YES;
				IPHONEOS_DEPLOYMENT_TARGET = 10.2;
				MTL_ENABLE_DEBUG_INFO = YES;
				ONLY_ACTIVE_ARCH = YES;
				PROVISIONING_PROFILE = "980053c3-bf25-4380-82c7-0c79df0414ed";
				SDKROOT = iphoneos;
				SWIFT_ACTIVE_COMPILATION_CONDITIONS = DEBUG;
				SWIFT_OPTIMIZATION_LEVEL = "-Onone";
			};
			name = Debug;
		};
		E5F5C3881E3CE33E005EAE21 /* Release */ = {
			isa = XCBuildConfiguration;
			buildSettings = {
				ALWAYS_SEARCH_USER_PATHS = NO;
				CLANG_ANALYZER_NONNULL = YES;
				CLANG_CXX_LANGUAGE_STANDARD = "gnu++0x";
				CLANG_CXX_LIBRARY = "libc++";
				CLANG_ENABLE_MODULES = YES;
				CLANG_ENABLE_OBJC_ARC = YES;
				CLANG_WARN_BOOL_CONVERSION = YES;
				CLANG_WARN_CONSTANT_CONVERSION = YES;
				CLANG_WARN_DIRECT_OBJC_ISA_USAGE = YES_ERROR;
				CLANG_WARN_DOCUMENTATION_COMMENTS = YES;
				CLANG_WARN_EMPTY_BODY = YES;
				CLANG_WARN_ENUM_CONVERSION = YES;
				CLANG_WARN_INFINITE_RECURSION = YES;
				CLANG_WARN_INT_CONVERSION = YES;
				CLANG_WARN_OBJC_ROOT_CLASS = YES_ERROR;
				CLANG_WARN_SUSPICIOUS_MOVE = YES;
				CLANG_WARN_UNREACHABLE_CODE = YES;
				CLANG_WARN__DUPLICATE_METHOD_MATCH = YES;
				"CODE_SIGN_IDENTITY[sdk=iphoneos*]" = "iPhone Developer";
				COPY_PHASE_STRIP = NO;
				DEBUG_INFORMATION_FORMAT = "dwarf-with-dsym";
				ENABLE_NS_ASSERTIONS = NO;
				ENABLE_STRICT_OBJC_MSGSEND = YES;
				GCC_C_LANGUAGE_STANDARD = gnu99;
				GCC_NO_COMMON_BLOCKS = YES;
				GCC_WARN_64_TO_32_BIT_CONVERSION = YES;
				GCC_WARN_ABOUT_RETURN_TYPE = YES_ERROR;
				GCC_WARN_UNDECLARED_SELECTOR = YES;
				GCC_WARN_UNINITIALIZED_AUTOS = YES_AGGRESSIVE;
				GCC_WARN_UNUSED_FUNCTION = YES;
				GCC_WARN_UNUSED_VARIABLE = YES;
				IPHONEOS_DEPLOYMENT_TARGET = 10.2;
				MTL_ENABLE_DEBUG_INFO = NO;
				PROVISIONING_PROFILE = "980053c3-bf25-4380-82c7-0c79df0414ed";
				SDKROOT = iphoneos;
				SWIFT_OPTIMIZATION_LEVEL = "-Owholemodule";
				VALIDATE_PRODUCT = YES;
			};
			name = Release;
		};
		E5F5C38A1E3CE33E005EAE21 /* Debug */ = {
			isa = XCBuildConfiguration;
			baseConfigurationReference = 97F1CB4644F485ED9A18DF52 /* Pods-railway.debug.xcconfig */;
			buildSettings = {
				ASSETCATALOG_COMPILER_APPICON_NAME = AppIcon;
				CLANG_ENABLE_MODULES = YES;
				CODE_SIGN_ENTITLEMENTS = railway/railway.entitlements;
				CODE_SIGN_IDENTITY = "iPhone Developer";
				"CODE_SIGN_IDENTITY[sdk=iphoneos*]" = "iPhone Developer";
				DEVELOPMENT_TEAM = L7J3P5UEVQ;
				INFOPLIST_FILE = railway/Info.plist;
				LD_RUNPATH_SEARCH_PATHS = "$(inherited) @executable_path/Frameworks";
				PRODUCT_BUNDLE_IDENTIFIER = com.flow.traincrossing;
				PRODUCT_NAME = "$(TARGET_NAME)";
				PROVISIONING_PROFILE = "";
				SWIFT_OBJC_BRIDGING_HEADER = "railway/railway-Bridging-Header.h";
				SWIFT_OPTIMIZATION_LEVEL = "-Onone";
				SWIFT_VERSION = 3.0;
			};
			name = Debug;
		};
		E5F5C38B1E3CE33E005EAE21 /* Release */ = {
			isa = XCBuildConfiguration;
			baseConfigurationReference = 8CEE7DA8C5D0C43606B72B1A /* Pods-railway.release.xcconfig */;
			buildSettings = {
				ASSETCATALOG_COMPILER_APPICON_NAME = AppIcon;
				CLANG_ENABLE_MODULES = YES;
				CODE_SIGN_ENTITLEMENTS = railway/railway.entitlements;
				DEVELOPMENT_TEAM = L7J3P5UEVQ;
				INFOPLIST_FILE = railway/Info.plist;
				LD_RUNPATH_SEARCH_PATHS = "$(inherited) @executable_path/Frameworks";
				PRODUCT_BUNDLE_IDENTIFIER = com.flow.traincrossing;
				PRODUCT_NAME = "$(TARGET_NAME)";
				PROVISIONING_PROFILE = "";
				SWIFT_OBJC_BRIDGING_HEADER = "railway/railway-Bridging-Header.h";
				SWIFT_VERSION = 3.0;
			};
			name = Release;
		};
		E5F5C38D1E3CE33E005EAE21 /* Debug */ = {
			isa = XCBuildConfiguration;
			buildSettings = {
				ALWAYS_EMBED_SWIFT_STANDARD_LIBRARIES = YES;
				BUNDLE_LOADER = "$(TEST_HOST)";
				DEVELOPMENT_TEAM = P9758Y5MP9;
				INFOPLIST_FILE = railwayTests/Info.plist;
				LD_RUNPATH_SEARCH_PATHS = "$(inherited) @executable_path/Frameworks @loader_path/Frameworks";
				PRODUCT_BUNDLE_IDENTIFIER = com.flow.railwayTests;
				PRODUCT_NAME = "$(TARGET_NAME)";
				SWIFT_VERSION = 3.0;
				TEST_HOST = "$(BUILT_PRODUCTS_DIR)/railway.app/railway";
			};
			name = Debug;
		};
		E5F5C38E1E3CE33E005EAE21 /* Release */ = {
			isa = XCBuildConfiguration;
			buildSettings = {
				ALWAYS_EMBED_SWIFT_STANDARD_LIBRARIES = YES;
				BUNDLE_LOADER = "$(TEST_HOST)";
				DEVELOPMENT_TEAM = P9758Y5MP9;
				INFOPLIST_FILE = railwayTests/Info.plist;
				LD_RUNPATH_SEARCH_PATHS = "$(inherited) @executable_path/Frameworks @loader_path/Frameworks";
				PRODUCT_BUNDLE_IDENTIFIER = com.flow.railwayTests;
				PRODUCT_NAME = "$(TARGET_NAME)";
				SWIFT_VERSION = 3.0;
				TEST_HOST = "$(BUILT_PRODUCTS_DIR)/railway.app/railway";
			};
			name = Release;
		};
/* End XCBuildConfiguration section */

/* Begin XCConfigurationList section */
		E5F5C3671E3CE33D005EAE21 /* Build configuration list for PBXProject "railway" */ = {
			isa = XCConfigurationList;
			buildConfigurations = (
				E5F5C3871E3CE33E005EAE21 /* Debug */,
				E5F5C3881E3CE33E005EAE21 /* Release */,
			);
			defaultConfigurationIsVisible = 0;
			defaultConfigurationName = Release;
		};
		E5F5C3891E3CE33E005EAE21 /* Build configuration list for PBXNativeTarget "railway" */ = {
			isa = XCConfigurationList;
			buildConfigurations = (
				E5F5C38A1E3CE33E005EAE21 /* Debug */,
				E5F5C38B1E3CE33E005EAE21 /* Release */,
			);
			defaultConfigurationIsVisible = 0;
			defaultConfigurationName = Release;
		};
		E5F5C38C1E3CE33E005EAE21 /* Build configuration list for PBXNativeTarget "railwayTests" */ = {
			isa = XCConfigurationList;
			buildConfigurations = (
				E5F5C38D1E3CE33E005EAE21 /* Debug */,
				E5F5C38E1E3CE33E005EAE21 /* Release */,
			);
			defaultConfigurationIsVisible = 0;
			defaultConfigurationName = Release;
		};
/* End XCConfigurationList section */
	};
	rootObject = E5F5C3641E3CE33D005EAE21 /* Project object */;
}
